# This file is automatically @generated by Poetry 1.5.1 and should not be changed by hand.

[[package]]
name = "certifi"
version = "2022.12.7"
description = "Python package for providing Mozilla's CA Bundle."
optional = false
python-versions = ">=3.6"
files = [
    {file = "certifi-2022.12.7-py3-none-any.whl", hash = "sha256:4ad3232f5e926d6718ec31cfc1fcadfde020920e278684144551c91769c7bc18"},
    {file = "certifi-2022.12.7.tar.gz", hash = "sha256:35824b4c3a97115964b408844d64aa14db1cc518f6562e8d7261699d1350a9e3"},
]

[[package]]
name = "igraph"
version = "0.10.2"
description = "High performance graph data structures and algorithms"
optional = false
python-versions = ">=3.7"
files = [
    {file = "igraph-0.10.2-cp37-cp37m-macosx_10_9_x86_64.whl", hash = "sha256:d81be4136bf3b6ecf3d6e5d766b213672a1f64e8284ba58ed273e8eff9ba1e19"},
    {file = "igraph-0.10.2-cp37-cp37m-manylinux_2_17_aarch64.manylinux2014_aarch64.whl", hash = "sha256:2b635762137ec810db0620cc6fa9ada5923cb6307f8dafb3290f59e72eabccb2"},
    {file = "igraph-0.10.2-cp37-cp37m-manylinux_2_17_i686.manylinux2014_i686.whl", hash = "sha256:944dad4e196782f48eda8c233b514aeec47fde32def8f34982fe316c8b64c09b"},
    {file = "igraph-0.10.2-cp37-cp37m-manylinux_2_17_x86_64.manylinux2014_x86_64.whl", hash = "sha256:85e9b0fa8a759e1977935f6a9544d94467042ad31f2580e051a15cfe4acb09f8"},
    {file = "igraph-0.10.2-cp37-cp37m-musllinux_1_1_aarch64.whl", hash = "sha256:8f1b6abcb5f5b19603fde45991413b625039b8d77f4bee109ac24e37fdafc476"},
    {file = "igraph-0.10.2-cp37-cp37m-musllinux_1_1_i686.whl", hash = "sha256:5ed75bc7a36fc0a4fb7dfa95c53d7c4c163e2a4a9edf1aa510875fc52d77f5de"},
    {file = "igraph-0.10.2-cp37-cp37m-musllinux_1_1_x86_64.whl", hash = "sha256:1b97938eeb9bbe5cca40b6fafceb182749e1ba30f4d20cff2f1150303924eff6"},
    {file = "igraph-0.10.2-cp37-cp37m-win32.whl", hash = "sha256:92db0fa2cb2ae04cedeca28a9725d1c5ca6feed1c68e1ddacb230b93dc398570"},
    {file = "igraph-0.10.2-cp37-cp37m-win_amd64.whl", hash = "sha256:0dd5e0a5ed235a38bcf406835f295fe7cafa372bbac23059928bc30a2877d99d"},
    {file = "igraph-0.10.2-cp38-cp38-macosx_10_9_x86_64.whl", hash = "sha256:33802df1c6d0ae75887da5d784e47c520ab1c3b2c051e3bd22005b4f344042f3"},
    {file = "igraph-0.10.2-cp38-cp38-macosx_11_0_arm64.whl", hash = "sha256:82cf51fdb9a2746c52bc604d908514e79c8f3621fdba319001bc1eb074afe542"},
    {file = "igraph-0.10.2-cp38-cp38-manylinux_2_17_aarch64.manylinux2014_aarch64.whl", hash = "sha256:38fcc3751015187d9568404d3a29fc71e75757a8e2a74055fabab89d65850a71"},
    {file = "igraph-0.10.2-cp38-cp38-manylinux_2_17_i686.manylinux2014_i686.whl", hash = "sha256:a2851c0dd32a875cf835c6971c26e5033ab5d6149a30d065bdbbcb89bd53864a"},
    {file = "igraph-0.10.2-cp38-cp38-manylinux_2_17_x86_64.manylinux2014_x86_64.whl", hash = "sha256:c8848956744abe1b740955f800f24a7983449abce5501bb012002a7c44994ab3"},
    {file = "igraph-0.10.2-cp38-cp38-musllinux_1_1_aarch64.whl", hash = "sha256:3f0dce0f9213c350dcdf1647596aedac3bb21c300675d02bae8ea6ec927dd173"},
    {file = "igraph-0.10.2-cp38-cp38-musllinux_1_1_i686.whl", hash = "sha256:7c75e0ec477167aa6adc534edc897785dd22dd6684498b40667b211a9882388e"},
    {file = "igraph-0.10.2-cp38-cp38-musllinux_1_1_x86_64.whl", hash = "sha256:475a4b239cbc61c60e44ad2c24f6798f5e4ad8901a94a0e1c6d9cc7c36f72fea"},
    {file = "igraph-0.10.2-cp38-cp38-win32.whl", hash = "sha256:ab364d4889bee5de79fdd770f5c71fd87d309810f12c22ed170109488cd3ad02"},
    {file = "igraph-0.10.2-cp38-cp38-win_amd64.whl", hash = "sha256:3b03e910ec44f98780dcf048a30cd1e3494d2b26a00bb6c08e08cf836f26d1ed"},
    {file = "igraph-0.10.2-cp39-abi3-macosx_10_9_x86_64.whl", hash = "sha256:8df67cf50624b7d1298ee929e6509589103380e22f8608e20e7b041e9751231c"},
    {file = "igraph-0.10.2-cp39-abi3-macosx_11_0_arm64.whl", hash = "sha256:74fe10adf9a11b7fbbc2c5b26b547c159a2bab0952d9cc8ac12046654cd0ee75"},
    {file = "igraph-0.10.2-cp39-abi3-manylinux_2_17_aarch64.manylinux2014_aarch64.whl", hash = "sha256:eb4fce55c06f50226f27e39acc6310580387c1029c6ff4eef0bc30c68603d1e4"},
    {file = "igraph-0.10.2-cp39-abi3-manylinux_2_17_i686.manylinux2014_i686.whl", hash = "sha256:de570e6532d9f82a364db04fdc826f0e67f0dd1c85eb6767976ed24832af55d4"},
    {file = "igraph-0.10.2-cp39-abi3-manylinux_2_17_x86_64.manylinux2014_x86_64.whl", hash = "sha256:95826915962f938e3e0a37c12f74f7e6e35dbb365ab03f5ab94e2f4d648c84d0"},
    {file = "igraph-0.10.2-cp39-abi3-musllinux_1_1_aarch64.whl", hash = "sha256:a8aef28df3576d2648d1205dfc1545f2052866194ddfc5672d4c98a5b0e5741b"},
    {file = "igraph-0.10.2-cp39-abi3-musllinux_1_1_i686.whl", hash = "sha256:32a1de4211e57f63b22d0593df82b9f20998614a50730a56efc36047046da35a"},
    {file = "igraph-0.10.2-cp39-abi3-musllinux_1_1_x86_64.whl", hash = "sha256:ed327ed3cf8837678018471f871397285a9e1e95bfba31fb87f7fed11237ea01"},
    {file = "igraph-0.10.2-cp39-abi3-win32.whl", hash = "sha256:aa534c5b1ef79fb9095ea923482d53d614ee157d07aa520449905ead89ff7b6f"},
    {file = "igraph-0.10.2-cp39-abi3-win_amd64.whl", hash = "sha256:fa1e3dd74530602428c971db74ab0755fd388c7760511a45a7e12da7be28719b"},
    {file = "igraph-0.10.2-pp37-pypy37_pp73-macosx_10_9_x86_64.whl", hash = "sha256:cbb895b9a339849067d1c1c1dc7221452feebd4d54fc3c06e6592e5673d73bd2"},
    {file = "igraph-0.10.2-pp37-pypy37_pp73-manylinux_2_17_aarch64.manylinux2014_aarch64.whl", hash = "sha256:09191e7c979da7e8fff53cd199ea6e023e2ae3d8917021fc7f993a0a8f1cffca"},
    {file = "igraph-0.10.2-pp37-pypy37_pp73-manylinux_2_17_i686.manylinux2014_i686.whl", hash = "sha256:7a7ebaa54d4981ea95b85e85704189a9a6e0a0eacba1fe6a619645d49f2d919d"},
    {file = "igraph-0.10.2-pp37-pypy37_pp73-manylinux_2_17_x86_64.manylinux2014_x86_64.whl", hash = "sha256:f3a663ec5c00db08eb777c7d3d6b9d129283c165d7f3c8ce78386152a8d0b10c"},
    {file = "igraph-0.10.2-pp37-pypy37_pp73-win_amd64.whl", hash = "sha256:345b40aefca1b2bd62cdcbd39b4734a367db1e21e5e69e92f4be0179f54bd1e4"},
    {file = "igraph-0.10.2-pp38-pypy38_pp73-macosx_10_9_x86_64.whl", hash = "sha256:fa304a541691f648431ce5d25376d044914d4342278fcf359bd0303d0f8376d5"},
    {file = "igraph-0.10.2-pp38-pypy38_pp73-manylinux_2_17_aarch64.manylinux2014_aarch64.whl", hash = "sha256:54c7268d9788006d8249fe281203bdfd50f0f3c0264f41b4769b241395155601"},
    {file = "igraph-0.10.2-pp38-pypy38_pp73-manylinux_2_17_i686.manylinux2014_i686.whl", hash = "sha256:1004d0e33b7b1c69deb4df2c1730c4d361b494289540fe357d93694f06925b60"},
    {file = "igraph-0.10.2-pp38-pypy38_pp73-manylinux_2_17_x86_64.manylinux2014_x86_64.whl", hash = "sha256:1523cabf71460c3e02524940fc6642b8782bfa228888057c20398919e3b88681"},
    {file = "igraph-0.10.2-pp38-pypy38_pp73-win_amd64.whl", hash = "sha256:27376837e4f66ea8829cf350eba217906a8be4f8ae8166ff243cf69ecad73726"},
    {file = "igraph-0.10.2-pp39-pypy39_pp73-macosx_10_9_x86_64.whl", hash = "sha256:2810bf2175fe6c16dd3dc7eef420a272baf89d88e0c16fcfe98fa80daf613825"},
    {file = "igraph-0.10.2-pp39-pypy39_pp73-manylinux_2_17_aarch64.manylinux2014_aarch64.whl", hash = "sha256:d1f9549595f2e0de1a89bf70f27d84c4c09e0b387dc01c30a726d3abba2928cc"},
    {file = "igraph-0.10.2-pp39-pypy39_pp73-manylinux_2_17_i686.manylinux2014_i686.whl", hash = "sha256:f271f7f30465eb5d83b24757da37d3a121f9adafe5deb9d40abfc9772f7b15e1"},
    {file = "igraph-0.10.2-pp39-pypy39_pp73-manylinux_2_17_x86_64.manylinux2014_x86_64.whl", hash = "sha256:9b04725a5c4b44c446dd76847fdf750f9d0e4ebc3ce76341f405f7bd811fc882"},
    {file = "igraph-0.10.2-pp39-pypy39_pp73-win_amd64.whl", hash = "sha256:2db9d4421e27ddc452271c04c1af22d47166f4e88c1f287787229f71900ecf0e"},
    {file = "igraph-0.10.2.tar.gz", hash = "sha256:215c53591b0bccd2082ef0e007e1919f25c040abb03014bdb4f20712173e33c2"},
]

[package.dependencies]
texttable = ">=1.6.2"

[package.extras]
cairo = ["cairocffi (>=1.2.0)"]
doc = ["Sphinx (>=4.2.0)", "sphinxbootstrap4theme (>=0.6.0)"]
matplotlib = ["matplotlib (>=3.5.0,<3.6.0)"]
plotly = ["plotly (>=5.3.0)"]
plotting = ["cairocffi (>=1.2.0)"]
test = ["Pillow (>=9)", "matplotlib (>=3.6.0)", "networkx (>=2.5)", "numpy (>=1.19.0)", "pandas (>=1.1.0)", "plotly (>=5.3.0)", "pytest (>=7.0.1)", "pytest-timeout (>=2.1.0)", "scipy (>=1.5.0)"]
test-musl = ["networkx (>=2.5)", "pytest (>=7.0.1)", "pytest-timeout (>=2.1.0)"]

[[package]]
name = "interchange"
version = "2021.0.4"
description = "Data types and interchange formats"
optional = false
python-versions = "*"
files = [
    {file = "interchange-2021.0.4-py2.py3-none-any.whl", hash = "sha256:3a791b4df765c7136c318e53c388380ac5b003767808876c4fb4fef393917768"},
    {file = "interchange-2021.0.4.tar.gz", hash = "sha256:6791d1b34621e990035fe75d808523172340d80ade1b50412226820184199550"},
]

[package.dependencies]
pytz = "*"
six = "*"

[[package]]
name = "monotonic"
version = "1.6"
description = "An implementation of time.monotonic() for Python 2 & < 3.3"
optional = false
python-versions = "*"
files = [
    {file = "monotonic-1.6-py2.py3-none-any.whl", hash = "sha256:68687e19a14f11f26d140dd5c86f3dba4bf5df58003000ed467e0e2a69bca96c"},
    {file = "monotonic-1.6.tar.gz", hash = "sha256:3a55207bcfed53ddd5c5bae174524062935efed17792e9de2ad0205ce9ad63f7"},
]

[[package]]
name = "numpy"
version = "1.23.4"
description = "NumPy is the fundamental package for array computing with Python."
optional = false
python-versions = ">=3.8"
files = [
    {file = "numpy-1.23.4-cp310-cp310-macosx_10_9_x86_64.whl", hash = "sha256:95d79ada05005f6f4f337d3bb9de8a7774f259341c70bc88047a1f7b96a4bcb2"},
    {file = "numpy-1.23.4-cp310-cp310-macosx_11_0_arm64.whl", hash = "sha256:926db372bc4ac1edf81cfb6c59e2a881606b409ddc0d0920b988174b2e2a767f"},
    {file = "numpy-1.23.4-cp310-cp310-manylinux_2_17_aarch64.manylinux2014_aarch64.whl", hash = "sha256:c237129f0e732885c9a6076a537e974160482eab8f10db6292e92154d4c67d71"},
    {file = "numpy-1.23.4-cp310-cp310-manylinux_2_17_x86_64.manylinux2014_x86_64.whl", hash = "sha256:a8365b942f9c1a7d0f0dc974747d99dd0a0cdfc5949a33119caf05cb314682d3"},
    {file = "numpy-1.23.4-cp310-cp310-win32.whl", hash = "sha256:2341f4ab6dba0834b685cce16dad5f9b6606ea8a00e6da154f5dbded70fdc4dd"},
    {file = "numpy-1.23.4-cp310-cp310-win_amd64.whl", hash = "sha256:d331afac87c92373826af83d2b2b435f57b17a5c74e6268b79355b970626e329"},
    {file = "numpy-1.23.4-cp311-cp311-macosx_10_9_x86_64.whl", hash = "sha256:488a66cb667359534bc70028d653ba1cf307bae88eab5929cd707c761ff037db"},
    {file = "numpy-1.23.4-cp311-cp311-macosx_11_0_arm64.whl", hash = "sha256:ce03305dd694c4873b9429274fd41fc7eb4e0e4dea07e0af97a933b079a5814f"},
    {file = "numpy-1.23.4-cp311-cp311-manylinux_2_17_aarch64.manylinux2014_aarch64.whl", hash = "sha256:8981d9b5619569899666170c7c9748920f4a5005bf79c72c07d08c8a035757b0"},
    {file = "numpy-1.23.4-cp311-cp311-manylinux_2_17_x86_64.manylinux2014_x86_64.whl", hash = "sha256:7a70a7d3ce4c0e9284e92285cba91a4a3f5214d87ee0e95928f3614a256a1488"},
    {file = "numpy-1.23.4-cp311-cp311-win32.whl", hash = "sha256:5e13030f8793e9ee42f9c7d5777465a560eb78fa7e11b1c053427f2ccab90c79"},
    {file = "numpy-1.23.4-cp311-cp311-win_amd64.whl", hash = "sha256:7607b598217745cc40f751da38ffd03512d33ec06f3523fb0b5f82e09f6f676d"},
    {file = "numpy-1.23.4-cp38-cp38-macosx_10_9_x86_64.whl", hash = "sha256:7ab46e4e7ec63c8a5e6dbf5c1b9e1c92ba23a7ebecc86c336cb7bf3bd2fb10e5"},
    {file = "numpy-1.23.4-cp38-cp38-macosx_11_0_arm64.whl", hash = "sha256:a8aae2fb3180940011b4862b2dd3756616841c53db9734b27bb93813cd79fce6"},
    {file = "numpy-1.23.4-cp38-cp38-manylinux_2_17_aarch64.manylinux2014_aarch64.whl", hash = "sha256:8c053d7557a8f022ec823196d242464b6955a7e7e5015b719e76003f63f82d0f"},
    {file = "numpy-1.23.4-cp38-cp38-manylinux_2_17_x86_64.manylinux2014_x86_64.whl", hash = "sha256:a0882323e0ca4245eb0a3d0a74f88ce581cc33aedcfa396e415e5bba7bf05f68"},
    {file = "numpy-1.23.4-cp38-cp38-win32.whl", hash = "sha256:dada341ebb79619fe00a291185bba370c9803b1e1d7051610e01ed809ef3a4ba"},
    {file = "numpy-1.23.4-cp38-cp38-win_amd64.whl", hash = "sha256:0fe563fc8ed9dc4474cbf70742673fc4391d70f4363f917599a7fa99f042d5a8"},
    {file = "numpy-1.23.4-cp39-cp39-macosx_10_9_x86_64.whl", hash = "sha256:c67b833dbccefe97cdd3f52798d430b9d3430396af7cdb2a0c32954c3ef73894"},
    {file = "numpy-1.23.4-cp39-cp39-macosx_11_0_arm64.whl", hash = "sha256:f76025acc8e2114bb664294a07ede0727aa75d63a06d2fae96bf29a81747e4a7"},
    {file = "numpy-1.23.4-cp39-cp39-manylinux_2_17_aarch64.manylinux2014_aarch64.whl", hash = "sha256:12ac457b63ec8ded85d85c1e17d85efd3c2b0967ca39560b307a35a6703a4735"},
    {file = "numpy-1.23.4-cp39-cp39-manylinux_2_17_x86_64.manylinux2014_x86_64.whl", hash = "sha256:95de7dc7dc47a312f6feddd3da2500826defdccbc41608d0031276a24181a2c0"},
    {file = "numpy-1.23.4-cp39-cp39-win32.whl", hash = "sha256:f2f390aa4da44454db40a1f0201401f9036e8d578a25f01a6e237cea238337ef"},
    {file = "numpy-1.23.4-cp39-cp39-win_amd64.whl", hash = "sha256:f260da502d7441a45695199b4e7fd8ca87db659ba1c78f2bbf31f934fe76ae0e"},
    {file = "numpy-1.23.4-pp38-pypy38_pp73-macosx_10_9_x86_64.whl", hash = "sha256:61be02e3bf810b60ab74e81d6d0d36246dbfb644a462458bb53b595791251911"},
    {file = "numpy-1.23.4-pp38-pypy38_pp73-manylinux_2_17_x86_64.manylinux2014_x86_64.whl", hash = "sha256:296d17aed51161dbad3c67ed6d164e51fcd18dbcd5dd4f9d0a9c6055dce30810"},
    {file = "numpy-1.23.4-pp38-pypy38_pp73-win_amd64.whl", hash = "sha256:4d52914c88b4930dafb6c48ba5115a96cbab40f45740239d9f4159c4ba779962"},
    {file = "numpy-1.23.4.tar.gz", hash = "sha256:ed2cc92af0efad20198638c69bb0fc2870a58dabfba6eb722c933b48556c686c"},
]

[[package]]
name = "packaging"
version = "21.3"
description = "Core utilities for Python packages"
optional = false
python-versions = ">=3.6"
files = [
    {file = "packaging-21.3-py3-none-any.whl", hash = "sha256:ef103e05f519cdc783ae24ea4e2e0f508a9c99b2d4969652eed6a2e1ea5bd522"},
    {file = "packaging-21.3.tar.gz", hash = "sha256:dd47c42927d89ab911e606518907cc2d3a1f38bbd026385970643f9c5b8ecfeb"},
]

[package.dependencies]
pyparsing = ">=2.0.2,<3.0.5 || >3.0.5"

[[package]]
name = "pansi"
version = "2020.7.3"
description = "ANSI escape code library for Python"
optional = false
python-versions = "*"
files = [
    {file = "pansi-2020.7.3-py2.py3-none-any.whl", hash = "sha256:ce2b8acaf06dc59dcc711f61efbe53c836877f127d73f11fdd898b994e5c4234"},
    {file = "pansi-2020.7.3.tar.gz", hash = "sha256:bd182d504528f870601acb0282aded411ad00a0148427b0e53a12162f4e74dcf"},
]

[package.dependencies]
six = "*"

[[package]]
name = "py2neo"
version = "2021.2.3"
description = "Python client library and toolkit for Neo4j"
optional = false
python-versions = "*"
files = [
    {file = "py2neo-2021.2.3-py2.py3-none-any.whl", hash = "sha256:39c55614acdc00cbd4b2c9a43a2c7d1af81b92684da390f5501d844162a52173"},
    {file = "py2neo-2021.2.3.tar.gz", hash = "sha256:92bed6c03ed9c1068085c18e1f5af9313ddb25e9e441525cd856839a34c1e31a"},
]

[package.dependencies]
certifi = "*"
interchange = ">=2021.0.4,<2021.1.0"
monotonic = "*"
packaging = "*"
pansi = ">=2020.7.3"
pygments = ">=2.0.0"
six = ">=1.15.0"
urllib3 = "*"

[[package]]
name = "pygments"
version = "2.15.0"
description = "Pygments is a syntax highlighting package written in Python."
optional = false
python-versions = ">=3.7"
files = [
    {file = "Pygments-2.15.0-py3-none-any.whl", hash = "sha256:77a3299119af881904cd5ecd1ac6a66214b6e9bed1f2db16993b54adede64094"},
    {file = "Pygments-2.15.0.tar.gz", hash = "sha256:f7e36cffc4c517fbc252861b9a6e4644ca0e5abadf9a113c72d1358ad09b9500"},
]

[package.extras]
plugins = ["importlib-metadata"]

[[package]]
name = "pyparsing"
version = "3.0.9"
description = "pyparsing module - Classes and methods to define and execute parsing grammars"
optional = false
python-versions = ">=3.6.8"
files = [
    {file = "pyparsing-3.0.9-py3-none-any.whl", hash = "sha256:5026bae9a10eeaefb61dab2f09052b9f4307d44aee4eda64b309723d8d206bbc"},
    {file = "pyparsing-3.0.9.tar.gz", hash = "sha256:2b020ecf7d21b687f219b71ecad3631f644a47f01403fa1d1036b0c6416d70fb"},
]

[package.extras]
diagrams = ["jinja2", "railroad-diagrams"]

[[package]]
name = "pytz"
version = "2022.6"
description = "World timezone definitions, modern and historical"
optional = false
python-versions = "*"
files = [
    {file = "pytz-2022.6-py2.py3-none-any.whl", hash = "sha256:222439474e9c98fced559f1709d89e6c9cbf8d79c794ff3eb9f8800064291427"},
    {file = "pytz-2022.6.tar.gz", hash = "sha256:e89512406b793ca39f5971bc999cc538ce125c0e51c27941bef4568b460095e2"},
]

[[package]]
name = "six"
version = "1.16.0"
description = "Python 2 and 3 compatibility utilities"
optional = false
python-versions = ">=2.7, !=3.0.*, !=3.1.*, !=3.2.*"
files = [
    {file = "six-1.16.0-py2.py3-none-any.whl", hash = "sha256:8abb2f1d86890a2dfb989f9a77cfcfd3e47c2a354b01111771326f8aa26e0254"},
    {file = "six-1.16.0.tar.gz", hash = "sha256:1e61c37477a1626458e36f7b1d82aa5c9b094fa4802892072e49de9c60c4c926"},
]

[[package]]
name = "texttable"
version = "1.6.4"
description = "module for creating simple ASCII tables"
optional = false
python-versions = "*"
files = [
    {file = "texttable-1.6.4-py2.py3-none-any.whl", hash = "sha256:dd2b0eaebb2a9e167d1cefedab4700e5dcbdb076114eed30b58b97ed6b37d6f2"},
    {file = "texttable-1.6.4.tar.gz", hash = "sha256:42ee7b9e15f7b225747c3fa08f43c5d6c83bc899f80ff9bae9319334824076e9"},
]

[[package]]
name = "urllib3"
version = "1.26.12"
description = "HTTP library with thread-safe connection pooling, file post, and more."
optional = false
python-versions = ">=2.7, !=3.0.*, !=3.1.*, !=3.2.*, !=3.3.*, !=3.4.*, !=3.5.*, <4"
files = [
    {file = "urllib3-1.26.12-py2.py3-none-any.whl", hash = "sha256:b930dd878d5a8afb066a637fbb35144fe7901e3b209d1cd4f524bd0e9deee997"},
    {file = "urllib3-1.26.12.tar.gz", hash = "sha256:3fa96cf423e6987997fc326ae8df396db2a8b7c667747d47ddd8ecba91f4a74e"},
]

[package.extras]
brotli = ["brotli (>=1.0.9)", "brotlicffi (>=0.8.0)", "brotlipy (>=0.6.0)"]
secure = ["certifi", "cryptography (>=1.3.4)", "idna (>=2.0.0)", "ipaddress", "pyOpenSSL (>=0.14)", "urllib3-secure-extra"]
socks = ["PySocks (>=1.5.6,!=1.5.7,<2.0)"]

[metadata]
lock-version = "2.0"
python-versions = "^3.9"
content-hash = "e8b4373b01382825ceed0c981ec61b220a9f35ac58ebf064bf7287abd9ff54f4"
